{
  "name": "bookshop",
  "version": "1.0.0",
  "lockfileVersion": 1,
  "requires": true,
  "dependencies": {
    "@sap/cds": {
      "version": "2.10.3",
      "resolved": "https://npm.sap.com/@sap/cds/-/cds-2.10.3.tgz",
      "integrity": "sha512-cKLnK7WuUvVnbhDaZC+R+I/T1B87+J6ziFLoZ6IROmK3R6e5D41iuo7HCezcTWDGk42Q3YZzI2f0YCMf0gnKvw==",
      "requires": {
        "@sap/cds-compiler": "1.1.3",
        "@sap/cds-ql": "0.11.0",
        "@sap/cds-reflect": "1.7.0",
        "@sap/cds-services": "0.11.0",
        "fs-extra": "5.0.0"
      },
      "dependencies": {
        "@sap/cds-compiler": {
          "version": "1.1.3",
          "resolved": "https://npm.sap.com/@sap/cds-compiler/-/cds-compiler-1.1.3.tgz",
          "integrity": "sha512-J4W3c75CwGM/q3FZpphVHhtMrt6DpgEYY8tkyBKIZPe3a9boCOKzvdBVTU8M2M4CbgHV9U/8q9OuA9pClHqyfg==",
          "requires": {
            "ajv": "6.1.1",
            "antlr4": "4.7.1",
            "commander": "2.14.0",
            "fs-extra": "5.0.0",
            "resolve": "1.5.0",
            "sax": "1.2.4"
          }
        },
        "@sap/cds-hana": {
          "version": "0.9.0",
          "resolved": "https://npm.sap.com/@sap/cds-hana/-/cds-hana-0.9.0.tgz",
          "integrity": "sha512-pgXIVV9qeNwR6MCHMGgNMhtflWyMt1yg9qJ1nxLjUGdaYfKWPwS0QxD6oND8rIiBYr8YZEVZ3q9ZCbimk+dCtA==",
          "requires": {
            "@sap/cds-sql": "0.11.0"
          }
        },
        "@sap/cds-ql": {
          "version": "0.11.0",
          "resolved": "https://npm.sap.com/@sap/cds-ql/-/cds-ql-0.11.0.tgz",
          "integrity": "sha512-vO6M3cHsw+IbWf+qrsWPpmULYQ03JnEOOMxCJ6Oo3E3KZ4X4atUlf+hF5Ort6VrKFl9pwhK6PSRXS/hMG2XHHQ==",
          "requires": {
            "@sap/cds-hana": "0.9.0",
            "@sap/cds-sql": "0.11.0",
            "@sap/cds-sqlite": "0.9.0",
            "generic-pool": "3.4.2",
            "uuid": "3.2.1"
          }
        },
        "@sap/cds-reflect": {
          "version": "1.7.0",
          "resolved": "https://npm.sap.com/@sap/cds-reflect/-/cds-reflect-1.7.0.tgz",
          "integrity": "sha512-ZokggISbZlfHt1XJHPpUmUgG8H+y6IXBcUkV/ld/sd7MB3rB91fIwUTJaTV2xFsdAQ882FGu1RFQB+9K8IYpKQ=="
        },
        "@sap/cds-services": {
          "version": "0.11.0",
          "resolved": "https://npm.sap.com/@sap/cds-services/-/cds-services-0.11.0.tgz",
          "integrity": "sha512-HCiSymQOg8FWGvL2T+3tpGbqOWd1NvSfdeEctTf6n9e9Ogs1JKI6uVyzrxq7tWMWDFiODvlojKZXETnqJe2XGA==",
          "requires": {
            "@sap/cds-ql": "0.11.0",
            "@sap/odata-v4": "1.7.0"
          }
        },
        "@sap/cds-sql": {
          "version": "0.11.0",
          "resolved": "https://npm.sap.com/@sap/cds-sql/-/cds-sql-0.11.0.tgz",
          "integrity": "sha512-cIPV2xH8HqS+9ijFYRGDWxge0Hd0eX1BGIV+upjC90OkFq3/zKx1KJD2MQU0S9wNkFpMtmLxq/t4PG6FqHpfEg=="
        },
        "@sap/cds-sqlite": {
          "version": "0.9.0",
          "resolved": "https://npm.sap.com/@sap/cds-sqlite/-/cds-sqlite-0.9.0.tgz",
          "integrity": "sha512-DkYgRnkKYAXr2xF/Qp1o1hysU4k/UE+qrvj14PY6NZx44vmwGYa9S9voFb/OXU7HAiyhb50ARX0sA8Doun5/CA==",
          "requires": {
            "@sap/cds-sql": "0.11.0"
          }
        },
        "@sap/odata-v4": {
          "version": "1.7.0",
          "resolved": "https://npm.sap.com/@sap/odata-v4/-/odata-v4-1.7.0.tgz",
          "integrity": "sha512-g//kdHS4lGJzVHKTUHHRqFKugT3CUPr4aiFaZOytW607jXP6U4LKFbcQnEJ12bQRld9PPN8LpaazYRRoVPVzOw==",
          "requires": {
            "big.js": "=5.1.2",
            "xmlbuilder": "=10.0.0"
          }
        },
        "ajv": {
          "version": "6.1.1",
          "resolved": "https://registry.npmjs.org/ajv/-/ajv-6.1.1.tgz",
          "integrity": "sha1-l41Zf7wrfQ5aXD3esUmmgvKr+g4=",
          "requires": {
            "fast-deep-equal": "^1.0.0",
            "fast-json-stable-stringify": "^2.0.0",
            "json-schema-traverse": "^0.3.0"
          }
        },
        "antlr4": {
          "version": "4.7.1",
          "resolved": "https://registry.npmjs.org/antlr4/-/antlr4-4.7.1.tgz",
          "integrity": "sha512-haHyTW7Y9joE5MVs37P2lNYfU2RWBLfcRDD8OWldcdZm5TiCE91B5Xl1oWSwiDUSd4rlExpt2pu1fksYQjRBYQ=="
        },
        "big.js": {
          "version": "5.1.2",
          "resolved": "https://registry.npmjs.org/big.js/-/big.js-5.1.2.tgz",
          "integrity": "sha512-qG6ZOc1lY84Bn8p/z9xvJisj9F4PRyo0pOGqGNYc7gS3p1WciS/3XcLuNI3Z/yYZpMNFhHeX3YNENwgrQq0NTA=="
        },
        "commander": {
          "version": "2.14.0",
          "resolved": "https://registry.npmjs.org/commander/-/commander-2.14.0.tgz",
          "integrity": "sha512-okPpdvdJr6mUGi2XzupC+irQxzwGLVaBzacFC14hjLv8NColXEsxsU+QaeuSSXpQUak5g2K0vQ7WjA1e8svczg=="
        },
        "fast-deep-equal": {
          "version": "1.0.0",
          "resolved": "https://registry.npmjs.org/fast-deep-equal/-/fast-deep-equal-1.0.0.tgz",
          "integrity": "sha1-liVqO8l1WV6zbYLpkp0GDYk0Of8="
        },
        "fast-json-stable-stringify": {
          "version": "2.0.0",
          "resolved": "https://registry.npmjs.org/fast-json-stable-stringify/-/fast-json-stable-stringify-2.0.0.tgz",
          "integrity": "sha1-1RQsDK7msRifh9OnYREGT4bIu/I="
        },
        "fs-extra": {
          "version": "5.0.0",
          "resolved": "https://registry.npmjs.org/fs-extra/-/fs-extra-5.0.0.tgz",
          "integrity": "sha512-66Pm4RYbjzdyeuqudYqhFiNBbCIuI9kgRqLPSHIlXHidW8NIQtVdkM1yeZ4lXwuhbTETv3EUGMNHAAw6hiundQ==",
          "requires": {
            "graceful-fs": "^4.1.2",
            "jsonfile": "^4.0.0",
            "universalify": "^0.1.0"
          }
        },
        "generic-pool": {
          "version": "3.4.2",
          "resolved": "https://registry.npmjs.org/generic-pool/-/generic-pool-3.4.2.tgz",
          "integrity": "sha512-H7cUpwCQSiJmAHM4c/aFu6fUfrhWXW1ncyh8ftxEPMu6AiYkHw9K8br720TGPZJbk5eOH2bynjZD1yPvdDAmag=="
        },
        "graceful-fs": {
          "version": "4.1.11",
          "resolved": "https://registry.npmjs.org/graceful-fs/-/graceful-fs-4.1.11.tgz",
          "integrity": "sha1-Dovf5NHduIVNZOBOp8AOKgJuVlg="
        },
        "json-schema-traverse": {
          "version": "0.3.1",
          "resolved": "https://registry.npmjs.org/json-schema-traverse/-/json-schema-traverse-0.3.1.tgz",
          "integrity": "sha1-NJptRMU6Ud6JtAgFxdXlm0F9M0A="
        },
        "jsonfile": {
          "version": "4.0.0",
          "resolved": "https://registry.npmjs.org/jsonfile/-/jsonfile-4.0.0.tgz",
          "integrity": "sha1-h3Gq4HmbZAdrdmQPygWPnBDjPss=",
          "requires": {
            "graceful-fs": "^4.1.6"
          }
        },
        "path-parse": {
          "version": "1.0.5",
          "resolved": "https://registry.npmjs.org/path-parse/-/path-parse-1.0.5.tgz",
          "integrity": "sha1-PBrfhx6pzWyUMbbqK9dKD/BVxME="
        },
        "resolve": {
          "version": "1.5.0",
          "resolved": "https://registry.npmjs.org/resolve/-/resolve-1.5.0.tgz",
          "integrity": "sha512-hgoSGrc3pjzAPHNBg+KnFcK2HwlHTs/YrAGUr6qgTVUZmXv1UEXXl0bZNBKMA9fud6lRYFdPGz0xXxycPzmmiw==",
          "requires": {
            "path-parse": "^1.0.5"
          }
        },
        "sax": {
          "version": "1.2.4",
          "resolved": "https://registry.npmjs.org/sax/-/sax-1.2.4.tgz",
          "integrity": "sha512-NqVDv9TpANUjFm0N8uM5GxL36UgKi9/atZw+x7YFnQ8ckwFGKrl4xX4yWtrey3UJm5nP1kUbnYgLopqWNSRhWw=="
        },
        "universalify": {
          "version": "0.1.2",
          "resolved": "https://registry.npmjs.org/universalify/-/universalify-0.1.2.tgz",
          "integrity": "sha512-rBJeI5CXAlmy1pV+617WB9J63U6XcazHHF2f2dbJix4XzpUF0RS3Zbj0FGIOCAva5P/d/GBOYaACQ1w+0azUkg=="
        },
        "uuid": {
          "version": "3.2.1",
          "resolved": "https://registry.npmjs.org/uuid/-/uuid-3.2.1.tgz",
          "integrity": "sha512-jZnMwlb9Iku/O3smGWvZhauCf6cvvpKi4BKRiliS3cxnI+Gz9j5MEpTz2UFuXiKPJocb7gnsLHwiS05ige5BEA=="
        },
        "xmlbuilder": {
          "version": "10.0.0",
          "resolved": "https://registry.npmjs.org/xmlbuilder/-/xmlbuilder-10.0.0.tgz",
          "integrity": "sha512-7RWHlmF1yU/E++BZkRQTEv8ZFAhZ+YHINUAxiZ5LQTKRQq//igpiY8rh7dJqPzgb/IzeC5jH9P7OaCERfM9DwA=="
        }
      }
    }
  }
}
